
Microsoft Visual Studio Solution File, Format Version 12.00
# Visual Studio 15
VisualStudioVersion = 15.0.27703.2035
MinimumVisualStudioVersion = 10.0.40219.1
Project("{FAE04EC0-301F-11D3-BF4B-00C04F79EFBC}") = "SMS Coder demo", "SMS Coder demo\SMS Coder demo.csproj", "{97865A1A-853E-4AC8-93D7-21AE63E847F1}"
EndProject
Global
	GlobalSection(SolutionConfigurationPlatforms) = preSolution
		Debug|Any CPU = Debug|Any CPU
		Release|Any CPU = Release|Any CPU
	EndGlobalSection
	GlobalSection(ProjectConfigurationPlatforms) = postSolution
		{97865A1A-853E-4AC8-93D7-21AE63E847F1}.Debug|Any CPU.ActiveCfg = Debug|Any CPU
		{97865A1A-853E-4AC8-93D7-21AE63E847F1}.Debug|Any CPU.Build.0 = Debug|Any CPU
		{97865A1A-853E-4AC8-93D7-21AE63E847F1}.Release|Any CPU.ActiveCfg = Release|Any CPU
		{97865A1A-853E-4AC8-93D7-21AE63E847F1}.Release|Any CPU.Build.0 = Release|Any CPU
	EndGlobalSection
	GlobalSection(SolutionProperties) = preSolution
		HideSolutionNode = FALSE
	EndGlobalSection
	GlobalSection(ExtensibilityGlobals) = postSolution
		SolutionGuid = {CC48BBE9-480C-4209-B890-1882D34E1058}
	EndGlobalSection
EndGlobal
